
Microsoft Visual Studio Solution File, Format Version 12.00
# Visual Studio 15
VisualStudioVersion = 15.0.28010.2048
MinimumVisualStudioVersion = 10.0.40219.1
Project("{FAE04EC0-301F-11D3-BF4B-00C04F79EFBC}") = "MEMORAMA", "MEMORAMA\MEMORAMA.csproj", "{45BC2577-9EDC-49D2-B5D9-5DAB1980F8B3}"
EndProject
Global
	GlobalSection(SolutionConfigurationPlatforms) = preSolution
		Debug|Any CPU = Debug|Any CPU
		Release|Any CPU = Release|Any CPU
	EndGlobalSection
	GlobalSection(ProjectConfigurationPlatforms) = postSolution
		{45BC2577-9EDC-49D2-B5D9-5DAB1980F8B3}.Debug|Any CPU.ActiveCfg = Debug|Any CPU
		{45BC2577-9EDC-49D2-B5D9-5DAB1980F8B3}.Debug|Any CPU.Build.0 = Debug|Any CPU
		{45BC2577-9EDC-49D2-B5D9-5DAB1980F8B3}.Release|Any CPU.ActiveCfg = Release|Any CPU
		{45BC2577-9EDC-49D2-B5D9-5DAB1980F8B3}.Release|Any CPU.Build.0 = Release|Any CPU
	EndGlobalSection
	GlobalSection(SolutionProperties) = preSolution
		HideSolutionNode = FALSE
	EndGlobalSection
	GlobalSection(ExtensibilityGlobals) = postSolution
		SolutionGuid = {D902F9D7-0094-4207-AA86-102B276B7C13}
	EndGlobalSection
EndGlobal
